
Microsoft Visual Studio Solution File, Format Version 11.00
# Visual Studio 2010
Project("{FAE04EC0-301F-11D3-BF4B-00C04F79EFBC}") = "Assembly-CSharp", "Assembly-CSharp.csproj", "{B2DD4D66-D03D-0C17-6DCF-874844368123}"
EndProject
Project("{FAE04EC0-301F-11D3-BF4B-00C04F79EFBC}") = "Assembly-CSharp-Editor", "Assembly-CSharp-Editor.csproj", "{58592498-BCAA-9C10-764D-98DB1E2C3A03}"
EndProject
Global
	GlobalSection(SolutionConfigurationPlatforms) = preSolution
		Debug|Any CPU = Debug|Any CPU
		Release|Any CPU = Release|Any CPU
	EndGlobalSection
	GlobalSection(ProjectConfigurationPlatforms) = postSolution
		{B2DD4D66-D03D-0C17-6DCF-874844368123}.Debug|Any CPU.ActiveCfg = Debug|Any CPU
		{B2DD4D66-D03D-0C17-6DCF-874844368123}.Debug|Any CPU.Build.0 = Debug|Any CPU
		{B2DD4D66-D03D-0C17-6DCF-874844368123}.Release|Any CPU.ActiveCfg = Release|Any CPU
		{B2DD4D66-D03D-0C17-6DCF-874844368123}.Release|Any CPU.Build.0 = Release|Any CPU
		{58592498-BCAA-9C10-764D-98DB1E2C3A03}.Debug|Any CPU.ActiveCfg = Debug|Any CPU
		{58592498-BCAA-9C10-764D-98DB1E2C3A03}.Debug|Any CPU.Build.0 = Debug|Any CPU
		{58592498-BCAA-9C10-764D-98DB1E2C3A03}.Release|Any CPU.ActiveCfg = Release|Any CPU
		{58592498-BCAA-9C10-764D-98DB1E2C3A03}.Release|Any CPU.Build.0 = Release|Any CPU
	EndGlobalSection
	GlobalSection(SolutionProperties) = preSolution
		HideSolutionNode = FALSE
	EndGlobalSection
EndGlobal
